// !$*UTF8*$!
{
	archiveVersion = 1;
	classes = {
	};
	objectVersion = 50;
	objects = {

/* Begin PBXBuildFile section */
		05BCD07E27A4B4FE0070FBAE /* AppDelegate.swift in Sources */ = {isa = PBXBuildFile; fileRef = 05BCD07D27A4B4FE0070FBAE /* AppDelegate.swift */; };
		05BCD08327A4B4FE0070FBAE /* Main.storyboard in Resources */ = {isa = PBXBuildFile; fileRef = 05BCD08127A4B4FE0070FBAE /* Main.storyboard */; };
		05BCD08527A4B5010070FBAE /* Assets.xcassets in Resources */ = {isa = PBXBuildFile; fileRef = 05BCD08427A4B5010070FBAE /* Assets.xcassets */; };
		05BCD08827A4B5010070FBAE /* LaunchScreen.storyboard in Resources */ = {isa = PBXBuildFile; fileRef = 05BCD08627A4B5010070FBAE /* LaunchScreen.storyboard */; };
		05BCD09327A4B5010070FBAE /* ToDoListTests.swift in Sources */ = {isa = PBXBuildFile; fileRef = 05BCD09227A4B5010070FBAE /* ToDoListTests.swift */; };
		05BCD09E27A4B5010070FBAE /* ToDoListUITests.swift in Sources */ = {isa = PBXBuildFile; fileRef = 05BCD09D27A4B5010070FBAE /* ToDoListUITests.swift */; };
		05BCD0AC27A4BDA70070FBAE /* ToDo.swift in Sources */ = {isa = PBXBuildFile; fileRef = 05BCD0AB27A4BDA70070FBAE /* ToDo.swift */; };
		05BCD0AE27A4BFE80070FBAE /* ToDoTableViewController.swift in Sources */ = {isa = PBXBuildFile; fileRef = 05BCD0AD27A4BFE80070FBAE /* ToDoTableViewController.swift */; };
		05BCD0B027A4E9D40070FBAE /* ToDoDetailTableViewController.swift in Sources */ = {isa = PBXBuildFile; fileRef = 05BCD0AF27A4E9D40070FBAE /* ToDoDetailTableViewController.swift */; };
		05BCD0BB27A50E3C0070FBAE /* Main.storyboard in Resources */ = {isa = PBXBuildFile; fileRef = 05BCD08127A4B4FE0070FBAE /* Main.storyboard */; };
		05BCD0BC27A50E3C0070FBAE /* Main.storyboard in Resources */ = {isa = PBXBuildFile; fileRef = 05BCD08127A4B4FE0070FBAE /* Main.storyboard */; };
		05BCD0BD27A50E3F0070FBAE /* LaunchScreen.storyboard in Resources */ = {isa = PBXBuildFile; fileRef = 05BCD08627A4B5010070FBAE /* LaunchScreen.storyboard */; };
		05BCD0BE27A50E3F0070FBAE /* LaunchScreen.storyboard in Resources */ = {isa = PBXBuildFile; fileRef = 05BCD08627A4B5010070FBAE /* LaunchScreen.storyboard */; };
		05BCD0C027A50E980070FBAE /* ToDoCell.swift in Sources */ = {isa = PBXBuildFile; fileRef = 05BCD0BF27A50E980070FBAE /* ToDoCell.swift */; };
/* End PBXBuildFile section */

/* Begin PBXContainerItemProxy section */
		05BCD08F27A4B5010070FBAE /* PBXContainerItemProxy */ = {
			isa = PBXContainerItemProxy;
			containerPortal = 05BCD07227A4B4FE0070FBAE /* Project object */;
			proxyType = 1;
			remoteGlobalIDString = 05BCD07927A4B4FE0070FBAE;
			remoteInfo = ToDoList;
		};
		05BCD09A27A4B5010070FBAE /* PBXContainerItemProxy */ = {
			isa = PBXContainerItemProxy;
			containerPortal = 05BCD07227A4B4FE0070FBAE /* Project object */;
			proxyType = 1;
			remoteGlobalIDString = 05BCD07927A4B4FE0070FBAE;
			remoteInfo = ToDoList;
		};
/* End PBXContainerItemProxy section */

/* Begin PBXFileReference section */
		05BCD07A27A4B4FE0070FBAE /* ToDoList.app */ = {isa = PBXFileReference; explicitFileType = wrapper.application; includeInIndex = 0; path = ToDoList.app; sourceTree = BUILT_PRODUCTS_DIR; };
		05BCD07D27A4B4FE0070FBAE /* AppDelegate.swift */ = {isa = PBXFileReference; lastKnownFileType = sourcecode.swift; path = AppDelegate.swift; sourceTree = "<group>"; };
		05BCD08227A4B4FE0070FBAE /* Base */ = {isa = PBXFileReference; lastKnownFileType = file.storyboard; name = Base; path = Base.lproj/Main.storyboard; sourceTree = "<group>"; };
		05BCD08427A4B5010070FBAE /* Assets.xcassets */ = {isa = PBXFileReference; lastKnownFileType = folder.assetcatalog; path = Assets.xcassets; sourceTree = "<group>"; };
		05BCD08727A4B5010070FBAE /* Base */ = {isa = PBXFileReference; lastKnownFileType = file.storyboard; name = Base; path = Base.lproj/LaunchScreen.storyboard; sourceTree = "<group>"; };
		05BCD08927A4B5010070FBAE /* Info.plist */ = {isa = PBXFileReference; lastKnownFileType = text.plist.xml; path = Info.plist; sourceTree = "<group>"; };
		05BCD08E27A4B5010070FBAE /* ToDoListTests.xctest */ = {isa = PBXFileReference; explicitFileType = wrapper.cfbundle; includeInIndex = 0; path = ToDoListTests.xctest; sourceTree = BUILT_PRODUCTS_DIR; };
		05BCD09227A4B5010070FBAE /* ToDoListTests.swift */ = {isa = PBXFileReference; lastKnownFileType = sourcecode.swift; path = ToDoListTests.swift; sourceTree = "<group>"; };
		05BCD09427A4B5010070FBAE /* Info.plist */ = {isa = PBXFileReference; lastKnownFileType = text.plist.xml; path = Info.plist; sourceTree = "<group>"; };
		05BCD09927A4B5010070FBAE /* ToDoListUITests.xctest */ = {isa = PBXFileReference; explicitFileType = wrapper.cfbundle; includeInIndex = 0; path = ToDoListUITests.xctest; sourceTree = BUILT_PRODUCTS_DIR; };
		05BCD09D27A4B5010070FBAE /* ToDoListUITests.swift */ = {isa = PBXFileReference; lastKnownFileType = sourcecode.swift; path = ToDoListUITests.swift; sourceTree = "<group>"; };
		05BCD09F27A4B5010070FBAE /* Info.plist */ = {isa = PBXFileReference; lastKnownFileType = text.plist.xml; path = Info.plist; sourceTree = "<group>"; };
		05BCD0AB27A4BDA70070FBAE /* ToDo.swift */ = {isa = PBXFileReference; lastKnownFileType = sourcecode.swift; path = ToDo.swift; sourceTree = "<group>"; };
		05BCD0AD27A4BFE80070FBAE /* ToDoTableViewController.swift */ = {isa = PBXFileReference; lastKnownFileType = sourcecode.swift; path = ToDoTableViewController.swift; sourceTree = "<group>"; };
		05BCD0AF27A4E9D40070FBAE /* ToDoDetailTableViewController.swift */ = {isa = PBXFileReference; lastKnownFileType = sourcecode.swift; path = ToDoDetailTableViewController.swift; sourceTree = "<group>"; };
		05BCD0BF27A50E980070FBAE /* ToDoCell.swift */ = {isa = PBXFileReference; lastKnownFileType = sourcecode.swift; path = ToDoCell.swift; sourceTree = "<group>"; };
/* End PBXFileReference section */

/* Begin PBXFrameworksBuildPhase section */
		05BCD07727A4B4FE0070FBAE /* Frameworks */ = {
			isa = PBXFrameworksBuildPhase;
			buildActionMask = 2147483647;
			files = (
			);
			runOnlyForDeploymentPostprocessing = 0;
		};
		05BCD08B27A4B5010070FBAE /* Frameworks */ = {
			isa = PBXFrameworksBuildPhase;
			buildActionMask = 2147483647;
			files = (
			);
			runOnlyForDeploymentPostprocessing = 0;
		};
		05BCD09627A4B5010070FBAE /* Frameworks */ = {
			isa = PBXFrameworksBuildPhase;
			buildActionMask = 2147483647;
			files = (
			);
			runOnlyForDeploymentPostprocessing = 0;
		};
/* End PBXFrameworksBuildPhase section */

/* Begin PBXGroup section */
		05BCD07127A4B4FE0070FBAE = {
			isa = PBXGroup;
			children = (
				05BCD07C27A4B4FE0070FBAE /* ToDoList */,
				05BCD09127A4B5010070FBAE /* ToDoListTests */,
				05BCD09C27A4B5010070FBAE /* ToDoListUITests */,
				05BCD07B27A4B4FE0070FBAE /* Products */,
			);
			sourceTree = "<group>";
		};
		05BCD07B27A4B4FE0070FBAE /* Products */ = {
			isa = PBXGroup;
			children = (
				05BCD07A27A4B4FE0070FBAE /* ToDoList.app */,
				05BCD08E27A4B5010070FBAE /* ToDoListTests.xctest */,
				05BCD09927A4B5010070FBAE /* ToDoListUITests.xctest */,
			);
			name = Products;
			sourceTree = "<group>";
		};
		05BCD07C27A4B4FE0070FBAE /* ToDoList */ = {
			isa = PBXGroup;
			children = (
				05BCD07D27A4B4FE0070FBAE /* AppDelegate.swift */,
				05BCD0AB27A4BDA70070FBAE /* ToDo.swift */,
				05BCD0BF27A50E980070FBAE /* ToDoCell.swift */,
				05BCD0AD27A4BFE80070FBAE /* ToDoTableViewController.swift */,
				05BCD0AF27A4E9D40070FBAE /* ToDoDetailTableViewController.swift */,
				05BCD08127A4B4FE0070FBAE /* Main.storyboard */,
				05BCD08627A4B5010070FBAE /* LaunchScreen.storyboard */,
				05BCD08427A4B5010070FBAE /* Assets.xcassets */,
				05BCD08927A4B5010070FBAE /* Info.plist */,
			);
			path = ToDoList;
			sourceTree = "<group>";
		};
		05BCD09127A4B5010070FBAE /* ToDoListTests */ = {
			isa = PBXGroup;
			children = (
				05BCD09227A4B5010070FBAE /* ToDoListTests.swift */,
				05BCD09427A4B5010070FBAE /* Info.plist */,
			);
			path = ToDoListTests;
			sourceTree = "<group>";
		};
		05BCD09C27A4B5010070FBAE /* ToDoListUITests */ = {
			isa = PBXGroup;
			children = (
				05BCD09D27A4B5010070FBAE /* ToDoListUITests.swift */,
				05BCD09F27A4B5010070FBAE /* Info.plist */,
			);
			path = ToDoListUITests;
			sourceTree = "<group>";
		};
/* End PBXGroup section */

/* Begin PBXNativeTarget section */
		05BCD07927A4B4FE0070FBAE /* ToDoList */ = {
			isa = PBXNativeTarget;
			buildConfigurationList = 05BCD0A227A4B5010070FBAE /* Build configuration list for PBXNativeTarget "ToDoList" */;
			buildPhases = (
				05BCD07627A4B4FE0070FBAE /* Sources */,
				05BCD07727A4B4FE0070FBAE /* Frameworks */,
				05BCD07827A4B4FE0070FBAE /* Resources */,
			);
			buildRules = (
			);
			dependencies = (
			);
			name = ToDoList;
			productName = ToDoList;
			productReference = 05BCD07A27A4B4FE0070FBAE /* ToDoList.app */;
			productType = "com.apple.product-type.application";
		};
		05BCD08D27A4B5010070FBAE /* ToDoListTests */ = {
			isa = PBXNativeTarget;
			buildConfigurationList = 05BCD0A527A4B5010070FBAE /* Build configuration list for PBXNativeTarget "ToDoListTests" */;
			buildPhases = (
				05BCD08A27A4B5010070FBAE /* Sources */,
				05BCD08B27A4B5010070FBAE /* Frameworks */,
				05BCD08C27A4B5010070FBAE /* Resources */,
			);
			buildRules = (
			);
			dependencies = (
				05BCD09027A4B5010070FBAE /* PBXTargetDependency */,
			);
			name = ToDoListTests;
			productName = ToDoListTests;
			productReference = 05BCD08E27A4B5010070FBAE /* ToDoListTests.xctest */;
			productType = "com.apple.product-type.bundle.unit-test";
		};
		05BCD09827A4B5010070FBAE /* ToDoListUITests */ = {
			isa = PBXNativeTarget;
			buildConfigurationList = 05BCD0A827A4B5010070FBAE /* Build configuration list for PBXNativeTarget "ToDoListUITests" */;
			buildPhases = (
				05BCD09527A4B5010070FBAE /* Sources */,
				05BCD09627A4B5010070FBAE /* Frameworks */,
				05BCD09727A4B5010070FBAE /* Resources */,
			);
			buildRules = (
			);
			dependencies = (
				05BCD09B27A4B5010070FBAE /* PBXTargetDependency */,
			);
			name = ToDoListUITests;
			productName = ToDoListUITests;
			productReference = 05BCD09927A4B5010070FBAE /* ToDoListUITests.xctest */;
			productType = "com.apple.product-type.bundle.ui-testing";
		};
/* End PBXNativeTarget section */

/* Begin PBXProject section */
		05BCD07227A4B4FE0070FBAE /* Project object */ = {
			isa = PBXProject;
			attributes = {
				LastSwiftUpdateCheck = 0940;
				LastUpgradeCheck = 0940;
				ORGANIZATIONNAME = Gabo;
				TargetAttributes = {
					05BCD07927A4B4FE0070FBAE = {
						CreatedOnToolsVersion = 9.4.1;
					};
					05BCD08D27A4B5010070FBAE = {
						CreatedOnToolsVersion = 9.4.1;
						TestTargetID = 05BCD07927A4B4FE0070FBAE;
					};
					05BCD09827A4B5010070FBAE = {
						CreatedOnToolsVersion = 9.4.1;
						TestTargetID = 05BCD07927A4B4FE0070FBAE;
					};
				};
			};
			buildConfigurationList = 05BCD07527A4B4FE0070FBAE /* Build configuration list for PBXProject "ToDoList" */;
			compatibilityVersion = "Xcode 9.3";
			developmentRegion = en;
			hasScannedForEncodings = 0;
			knownRegions = (
				en,
				Base,
			);
			mainGroup = 05BCD07127A4B4FE0070FBAE;
			productRefGroup = 05BCD07B27A4B4FE0070FBAE /* Products */;
			projectDirPath = "";
			projectRoot = "";
			targets = (
				05BCD07927A4B4FE0070FBAE /* ToDoList */,
				05BCD08D27A4B5010070FBAE /* ToDoListTests */,
				05BCD09827A4B5010070FBAE /* ToDoListUITests */,
			);
		};
/* End PBXProject section */

/* Begin PBXResourcesBuildPhase section */
		05BCD07827A4B4FE0070FBAE /* Resources */ = {
			isa = PBXResourcesBuildPhase;
			buildActionMask = 2147483647;
			files = (
				05BCD08827A4B5010070FBAE /* LaunchScreen.storyboard in Resources */,
				05BCD08527A4B5010070FBAE /* Assets.xcassets in Resources */,
				05BCD08327A4B4FE0070FBAE /* Main.storyboard in Resources */,
			);
			runOnlyForDeploymentPostprocessing = 0;
		};
		05BCD08C27A4B5010070FBAE /* Resources */ = {
			isa = PBXResourcesBuildPhase;
			buildActionMask = 2147483647;
			files = (
				05BCD0BB27A50E3C0070FBAE /* Main.storyboard in Resources */,
				05BCD0BD27A50E3F0070FBAE /* LaunchScreen.storyboard in Resources */,
			);
			runOnlyForDeploymentPostprocessing = 0;
		};
		05BCD09727A4B5010070FBAE /* Resources */ = {
			isa = PBXResourcesBuildPhase;
			buildActionMask = 2147483647;
			files = (
				05BCD0BC27A50E3C0070FBAE /* Main.storyboard in Resources */,
				05BCD0BE27A50E3F0070FBAE /* LaunchScreen.storyboard in Resources */,
			);
			runOnlyForDeploymentPostprocessing = 0;
		};
/* End PBXResourcesBuildPhase section */

/* Begin PBXSourcesBuildPhase section */
		05BCD07627A4B4FE0070FBAE /* Sources */ = {
			isa = PBXSourcesBuildPhase;
			buildActionMask = 2147483647;
			files = (
				05BCD07E27A4B4FE0070FBAE /* AppDelegate.swift in Sources */,
				05BCD0AE27A4BFE80070FBAE /* ToDoTableViewController.swift in Sources */,
				05BCD0B027A4E9D40070FBAE /* ToDoDetailTableViewController.swift in Sources */,
				05BCD0AC27A4BDA70070FBAE /* ToDo.swift in Sources */,
				05BCD0C027A50E980070FBAE /* ToDoCell.swift in Sources */,
			);
			runOnlyForDeploymentPostprocessing = 0;
		};
		05BCD08A27A4B5010070FBAE /* Sources */ = {
			isa = PBXSourcesBuildPhase;
			buildActionMask = 2147483647;
			files = (
				05BCD09327A4B5010070FBAE /* ToDoListTests.swift in Sources */,
			);
			runOnlyForDeploymentPostprocessing = 0;
		};
		05BCD09527A4B5010070FBAE /* Sources */ = {
			isa = PBXSourcesBuildPhase;
			buildActionMask = 2147483647;
			files = (
				05BCD09E27A4B5010070FBAE /* ToDoListUITests.swift in Sources */,
			);
			runOnlyForDeploymentPostprocessing = 0;
		};
/* End PBXSourcesBuildPhase section */

/* Begin PBXTargetDependency section */
		05BCD09027A4B5010070FBAE /* PBXTargetDependency */ = {
			isa = PBXTargetDependency;
			target = 05BCD07927A4B4FE0070FBAE /* ToDoList */;
			targetProxy = 05BCD08F27A4B5010070FBAE /* PBXContainerItemProxy */;
		};
		05BCD09B27A4B5010070FBAE /* PBXTargetDependency */ = {
			isa = PBXTargetDependency;
			target = 05BCD07927A4B4FE0070FBAE /* ToDoList */;
			targetProxy = 05BCD09A27A4B5010070FBAE /* PBXContainerItemProxy */;
		};
/* End PBXTargetDependency section */

/* Begin PBXVariantGroup section */
		05BCD08127A4B4FE0070FBAE /* Main.storyboard */ = {
			isa = PBXVariantGroup;
			children = (
				05BCD08227A4B4FE0070FBAE /* Base */,
			);
			name = Main.storyboard;
			sourceTree = "<group>";
		};
		05BCD08627A4B5010070FBAE /* LaunchScreen.storyboard */ = {
			isa = PBXVariantGroup;
			children = (
				05BCD08727A4B5010070FBAE /* Base */,
			);
			name = LaunchScreen.storyboard;
			sourceTree = "<group>";
		};
/* End PBXVariantGroup section */

/* Begin XCBuildConfiguration section */
		05BCD0A027A4B5010070FBAE /* Debug */ = {
			isa = XCBuildConfiguration;
			buildSettings = {
				ALWAYS_SEARCH_USER_PATHS = NO;
				CLANG_ANALYZER_NONNULL = YES;
				CLANG_ANALYZER_NUMBER_OBJECT_CONVERSION = YES_AGGRESSIVE;
				CLANG_CXX_LANGUAGE_STANDARD = "gnu++14";
				CLANG_CXX_LIBRARY = "libc++";
				CLANG_ENABLE_MODULES = YES;
				CLANG_ENABLE_OBJC_ARC = YES;
				CLANG_ENABLE_OBJC_WEAK = YES;
				CLANG_WARN_BLOCK_CAPTURE_AUTORELEASING = YES;
				CLANG_WARN_BOOL_CONVERSION = YES;
				CLANG_WARN_COMMA = YES;
				CLANG_WARN_CONSTANT_CONVERSION = YES;
				CLANG_WARN_DEPRECATED_OBJC_IMPLEMENTATIONS = YES;
				CLANG_WARN_DIRECT_OBJC_ISA_USAGE = YES_ERROR;
				CLANG_WARN_DOCUMENTATION_COMMENTS = YES;
				CLANG_WARN_EMPTY_BODY = YES;
				CLANG_WARN_ENUM_CONVERSION = YES;
				CLANG_WARN_INFINITE_RECURSION = YES;
				CLANG_WARN_INT_CONVERSION = YES;
				CLANG_WARN_NON_LITERAL_NULL_CONVERSION = YES;
				CLANG_WARN_OBJC_IMPLICIT_RETAIN_SELF = YES;
				CLANG_WARN_OBJC_LITERAL_CONVERSION = YES;
				CLANG_WARN_OBJC_ROOT_CLASS = YES_ERROR;
				CLANG_WARN_RANGE_LOOP_ANALYSIS = YES;
				CLANG_WARN_STRICT_PROTOTYPES = YES;
				CLANG_WARN_SUSPICIOUS_MOVE = YES;
				CLANG_WARN_UNGUARDED_AVAILABILITY = YES_AGGRESSIVE;
				CLANG_WARN_UNREACHABLE_CODE = YES;
				CLANG_WARN__DUPLICATE_METHOD_MATCH = YES;
				CODE_SIGN_IDENTITY = "iPhone Developer";
				COPY_PHASE_STRIP = NO;
				DEBUG_INFORMATION_FORMAT = dwarf;
				ENABLE_STRICT_OBJC_MSGSEND = YES;
				ENABLE_TESTABILITY = YES;
				GCC_C_LANGUAGE_STANDARD = gnu11;
				GCC_DYNAMIC_NO_PIC = NO;
				GCC_NO_COMMON_BLOCKS = YES;
				GCC_OPTIMIZATION_LEVEL = 0;
				GCC_PREPROCESSOR_DEFINITIONS = (
					"DEBUG=1",
					"$(inherited)",
				);
				GCC_WARN_64_TO_32_BIT_CONVERSION = YES;
				GCC_WARN_ABOUT_RETURN_TYPE = YES_ERROR;
				GCC_WARN_UNDECLARED_SELECTOR = YES;
				GCC_WARN_UNINITIALIZED_AUTOS = YES_AGGRESSIVE;
				GCC_WARN_UNUSED_FUNCTION = YES;
				GCC_WARN_UNUSED_VARIABLE = YES;
				IPHONEOS_DEPLOYMENT_TARGET = 11.4;
				MTL_ENABLE_DEBUG_INFO = YES;
				ONLY_ACTIVE_ARCH = YES;
				SDKROOT = iphoneos;
				SWIFT_ACTIVE_COMPILATION_CONDITIONS = DEBUG;
				SWIFT_OPTIMIZATION_LEVEL = "-Onone";
			};
			name = Debug;
		};
		05BCD0A127A4B5010070FBAE /* Release */ = {
			isa = XCBuildConfiguration;
			buildSettings = {
				ALWAYS_SEARCH_USER_PATHS = NO;
				CLANG_ANALYZER_NONNULL = YES;
				CLANG_ANALYZER_NUMBER_OBJECT_CONVERSION = YES_AGGRESSIVE;
				CLANG_CXX_LANGUAGE_STANDARD = "gnu++14";
				CLANG_CXX_LIBRARY = "libc++";
				CLANG_ENABLE_MODULES = YES;
				CLANG_ENABLE_OBJC_ARC = YES;
				CLANG_ENABLE_OBJC_WEAK = YES;
				CLANG_WARN_BLOCK_CAPTURE_AUTORELEASING = YES;
				CLANG_WARN_BOOL_CONVERSION = YES;
				CLANG_WARN_COMMA = YES;
				CLANG_WARN_CONSTANT_CONVERSION = YES;
				CLANG_WARN_DEPRECATED_OBJC_IMPLEMENTATIONS = YES;
				CLANG_WARN_DIRECT_OBJC_ISA_USAGE = YES_ERROR;
				CLANG_WARN_DOCUMENTATION_COMMENTS = YES;
				CLANG_WARN_EMPTY_BODY = YES;
				CLANG_WARN_ENUM_CONVERSION = YES;
				CLANG_WARN_INFINITE_RECURSION = YES;
				CLANG_WARN_INT_CONVERSION = YES;
				CLANG_WARN_NON_LITERAL_NULL_CONVERSION = YES;
				CLANG_WARN_OBJC_IMPLICIT_RETAIN_SELF = YES;
				CLANG_WARN_OBJC_LITERAL_CONVERSION = YES;
				CLANG_WARN_OBJC_ROOT_CLASS = YES_ERROR;
				CLANG_WARN_RANGE_LOOP_ANALYSIS = YES;
				CLANG_WARN_STRICT_PROTOTYPES = YES;
				CLANG_WARN_SUSPICIOUS_MOVE = YES;
				CLANG_WARN_UNGUARDED_AVAILABILITY = YES_AGGRESSIVE;
				CLANG_WARN_UNREACHABLE_CODE = YES;
				CLANG_WARN__DUPLICATE_METHOD_MATCH = YES;
				CODE_SIGN_IDENTITY = "iPhone Developer";
				COPY_PHASE_STRIP = NO;
				DEBUG_INFORMATION_FORMAT = "dwarf-with-dsym";
				ENABLE_NS_ASSERTIONS = NO;
				ENABLE_STRICT_OBJC_MSGSEND = YES;
				GCC_C_LANGUAGE_STANDARD = gnu11;
				GCC_NO_COMMON_BLOCKS = YES;
				GCC_WARN_64_TO_32_BIT_CONVERSION = YES;
				GCC_WARN_ABOUT_RETURN_TYPE = YES_ERROR;
				GCC_WARN_UNDECLARED_SELECTOR = YES;
				GCC_WARN_UNINITIALIZED_AUTOS = YES_AGGRESSIVE;
				GCC_WARN_UNUSED_FUNCTION = YES;
				GCC_WARN_UNUSED_VARIABLE = YES;
				IPHONEOS_DEPLOYMENT_TARGET = 11.4;
				MTL_ENABLE_DEBUG_INFO = NO;
				SDKROOT = iphoneos;
				SWIFT_COMPILATION_MODE = wholemodule;
				SWIFT_OPTIMIZATION_LEVEL = "-O";
				VALIDATE_PRODUCT = YES;
			};
			name = Release;
		};
		05BCD0A327A4B5010070FBAE /* Debug */ = {
			isa = XCBuildConfiguration;
			buildSettings = {
				ASSETCATALOG_COMPILER_APPICON_NAME = AppIcon;
				CODE_SIGN_STYLE = Automatic;
				DEVELOPMENT_TEAM = R42NV577ML;
				INFOPLIST_FILE = ToDoList/Info.plist;
				LD_RUNPATH_SEARCH_PATHS = (
					"$(inherited)",
					"@executable_path/Frameworks",
				);
				PRODUCT_BUNDLE_IDENTIFIER = PrimebayStudio.ToDoList;
				PRODUCT_NAME = "$(TARGET_NAME)";
				SWIFT_VERSION = 4.0;
				TARGETED_DEVICE_FAMILY = "1,2";
			};
			name = Debug;
		};
		05BCD0A427A4B5010070FBAE /* Release */ = {
			isa = XCBuildConfiguration;
			buildSettings = {
				ASSETCATALOG_COMPILER_APPICON_NAME = AppIcon;
				CODE_SIGN_STYLE = Automatic;
				DEVELOPMENT_TEAM = R42NV577ML;
				INFOPLIST_FILE = ToDoList/Info.plist;
				LD_RUNPATH_SEARCH_PATHS = (
					"$(inherited)",
					"@executable_path/Frameworks",
				);
				PRODUCT_BUNDLE_IDENTIFIER = PrimebayStudio.ToDoList;
				PRODUCT_NAME = "$(TARGET_NAME)";
				SWIFT_VERSION = 4.0;
				TARGETED_DEVICE_FAMILY = "1,2";
			};
			name = Release;
		};
		05BCD0A627A4B5010070FBAE /* Debug */ = {
			isa = XCBuildConfiguration;
			buildSettings = {
				ALWAYS_EMBED_SWIFT_STANDARD_LIBRARIES = YES;
				BUNDLE_LOADER = "$(TEST_HOST)";
				CODE_SIGN_STYLE = Automatic;
				DEVELOPMENT_TEAM = R42NV577ML;
				INFOPLIST_FILE = ToDoListTests/Info.plist;
				LD_RUNPATH_SEARCH_PATHS = (
					"$(inherited)",
					"@executable_path/Frameworks",
					"@loader_path/Frameworks",
				);
				PRODUCT_BUNDLE_IDENTIFIER = PrimebayStudio.ToDoListTests;
				PRODUCT_NAME = "$(TARGET_NAME)";
				SWIFT_VERSION = 4.0;
				TARGETED_DEVICE_FAMILY = "1,2";
				TEST_HOST = "$(BUILT_PRODUCTS_DIR)/ToDoList.app/ToDoList";
			};
			name = Debug;
		};
		05BCD0A727A4B5010070FBAE /* Release */ = {
			isa = XCBuildConfiguration;
			buildSettings = {
				ALWAYS_EMBED_SWIFT_STANDARD_LIBRARIES = YES;
				BUNDLE_LOADER = "$(TEST_HOST)";
				CODE_SIGN_STYLE = Automatic;
				DEVELOPMENT_TEAM = R42NV577ML;
				INFOPLIST_FILE = ToDoListTests/Info.plist;
				LD_RUNPATH_SEARCH_PATHS = (
					"$(inherited)",
					"@executable_path/Frameworks",
					"@loader_path/Frameworks",
				);
				PRODUCT_BUNDLE_IDENTIFIER = PrimebayStudio.ToDoListTests;
				PRODUCT_NAME = "$(TARGET_NAME)";
				SWIFT_VERSION = 4.0;
				TARGETED_DEVICE_FAMILY = "1,2";
				TEST_HOST = "$(BUILT_PRODUCTS_DIR)/ToDoList.app/ToDoList";
			};
			name = Release;
		};
		05BCD0A927A4B5010070FBAE /* Debug */ = {
			isa = XCBuildConfiguration;
			buildSettings = {
				ALWAYS_EMBED_SWIFT_STANDARD_LIBRARIES = YES;
				CODE_SIGN_STYLE = Automatic;
				DEVELOPMENT_TEAM = R42NV577ML;
				INFOPLIST_FILE = ToDoListUITests/Info.plist;
				LD_RUNPATH_SEARCH_PATHS = (
					"$(inherited)",
					"@executable_path/Frameworks",
					"@loader_path/Frameworks",
				);
				PRODUCT_BUNDLE_IDENTIFIER = PrimebayStudio.ToDoListUITests;
				PRODUCT_NAME = "$(TARGET_NAME)";
				SWIFT_VERSION = 4.0;
				TARGETED_DEVICE_FAMILY = "1,2";
				TEST_TARGET_NAME = ToDoList;
			};
			name = Debug;
		};
		05BCD0AA27A4B5010070FBAE /* Release */ = {
			isa = XCBuildConfiguration;
			buildSettings = {
				ALWAYS_EMBED_SWIFT_STANDARD_LIBRARIES = YES;
				CODE_SIGN_STYLE = Automatic;
				DEVELOPMENT_TEAM = R42NV577ML;
				INFOPLIST_FILE = ToDoListUITests/Info.plist;
				LD_RUNPATH_SEARCH_PATHS = (
					"$(inherited)",
					"@executable_path/Frameworks",
					"@loader_path/Frameworks",
				);
				PRODUCT_BUNDLE_IDENTIFIER = PrimebayStudio.ToDoListUITests;
				PRODUCT_NAME = "$(TARGET_NAME)";
				SWIFT_VERSION = 4.0;
				TARGETED_DEVICE_FAMILY = "1,2";
				TEST_TARGET_NAME = ToDoList;
			};
			name = Release;
		};
/* End XCBuildConfiguration section */

/* Begin XCConfigurationList section */
		05BCD07527A4B4FE0070FBAE /* Build configuration list for PBXProject "ToDoList" */ = {
			isa = XCConfigurationList;
			buildConfigurations = (
				05BCD0A027A4B5010070FBAE /* Debug */,
				05BCD0A127A4B5010070FBAE /* Release */,
			);
			defaultConfigurationIsVisible = 0;
			defaultConfigurationName = Release;
		};
		05BCD0A227A4B5010070FBAE /* Build configuration list for PBXNativeTarget "ToDoList" */ = {
			isa = XCConfigurationList;
			buildConfigurations = (
				05BCD0A327A4B5010070FBAE /* Debug */,
				05BCD0A427A4B5010070FBAE /* Release */,
			);
			defaultConfigurationIsVisible = 0;
			defaultConfigurationName = Release;
		};
		05BCD0A527A4B5010070FBAE /* Build configuration list for PBXNativeTarget "ToDoListTests" */ = {
			isa = XCConfigurationList;
			buildConfigurations = (
				05BCD0A627A4B5010070FBAE /* Debug */,
				05BCD0A727A4B5010070FBAE /* Release */,
			);
			defaultConfigurationIsVisible = 0;
			defaultConfigurationName = Release;
		};
		05BCD0A827A4B5010070FBAE /* Build configuration list for PBXNativeTarget "ToDoListUITests" */ = {
			isa = XCConfigurationList;
			buildConfigurations = (
				05BCD0A927A4B5010070FBAE /* Debug */,
				05BCD0AA27A4B5010070FBAE /* Release */,
			);
			defaultConfigurationIsVisible = 0;
			defaultConfigurationName = Release;
		};
/* End XCConfigurationList section */
	};
	rootObject = 05BCD07227A4B4FE0070FBAE /* Project object */;
}
